
Microsoft Visual Studio Solution File, Format Version 12.00
# Visual Studio Version 17
VisualStudioVersion = 17.0.31903.59
MinimumVisualStudioVersion = 10.0.40219.1
Project("{FAE04EC0-301F-11D3-BF4B-00C04F79EFBC}") = "KetoMeals.Contracts", "KetoMeals.Contracts\KetoMeals.Contracts.csproj", "{9E28553F-9E93-417A-B659-38A01B99D2BC}"
EndProject
Project("{FAE04EC0-301F-11D3-BF4B-00C04F79EFBC}") = "KetoMeals", "KetoMeals\KetoMeals.csproj", "{46092253-892A-4097-9B6E-876061FD0E4F}"
EndProject
Global
	GlobalSection(SolutionConfigurationPlatforms) = preSolution
		Debug|Any CPU = Debug|Any CPU
		Release|Any CPU = Release|Any CPU
	EndGlobalSection
	GlobalSection(SolutionProperties) = preSolution
		HideSolutionNode = FALSE
	EndGlobalSection
	GlobalSection(ProjectConfigurationPlatforms) = postSolution
		{9E28553F-9E93-417A-B659-38A01B99D2BC}.Debug|Any CPU.ActiveCfg = Debug|Any CPU
		{9E28553F-9E93-417A-B659-38A01B99D2BC}.Debug|Any CPU.Build.0 = Debug|Any CPU
		{9E28553F-9E93-417A-B659-38A01B99D2BC}.Release|Any CPU.ActiveCfg = Release|Any CPU
		{9E28553F-9E93-417A-B659-38A01B99D2BC}.Release|Any CPU.Build.0 = Release|Any CPU
		{46092253-892A-4097-9B6E-876061FD0E4F}.Debug|Any CPU.ActiveCfg = Debug|Any CPU
		{46092253-892A-4097-9B6E-876061FD0E4F}.Debug|Any CPU.Build.0 = Debug|Any CPU
		{46092253-892A-4097-9B6E-876061FD0E4F}.Release|Any CPU.ActiveCfg = Release|Any CPU
		{46092253-892A-4097-9B6E-876061FD0E4F}.Release|Any CPU.Build.0 = Release|Any CPU
	EndGlobalSection
EndGlobal
